
Microsoft Visual Studio Solution File, Format Version 12.00
# Visual Studio 14
VisualStudioVersion = 14.0.24720.0
MinimumVisualStudioVersion = 10.0.40219.1
Project("{FAE04EC0-301F-11D3-BF4B-00C04F79EFBC}") = "ACW_08346_464886_Client", "ACW_08346_464886_Client\ACW_08346_464886_Client.csproj", "{7154E2AF-3205-4F44-B27D-28682E6E2188}"
	ProjectSection(ProjectDependencies) = postProject
		{24066B57-A8C8-4BD7-A6FC-2788F0135496} = {24066B57-A8C8-4BD7-A6FC-2788F0135496}
	EndProjectSection
EndProject
Project("{FAE04EC0-301F-11D3-BF4B-00C04F79EFBC}") = "ACW_08346_464886_ServiceLibrary", "ACW_08346_464886_ServiceLibrary\ACW_08346_464886_ServiceLibrary.csproj", "{24066B57-A8C8-4BD7-A6FC-2788F0135496}"
EndProject
Project("{FAE04EC0-301F-11D3-BF4B-00C04F79EFBC}") = "ACW_08346_464886_Server", "ACW_08346_464886_Server\ACW_08346_464886_Server.csproj", "{3A49BD77-56F7-4E76-8477-9CF0E889F7DC}"
EndProject
Global
	GlobalSection(SolutionConfigurationPlatforms) = preSolution
		Debug|Any CPU = Debug|Any CPU
		Release|Any CPU = Release|Any CPU
	EndGlobalSection
	GlobalSection(ProjectConfigurationPlatforms) = postSolution
		{7154E2AF-3205-4F44-B27D-28682E6E2188}.Debug|Any CPU.ActiveCfg = Debug|Any CPU
		{7154E2AF-3205-4F44-B27D-28682E6E2188}.Debug|Any CPU.Build.0 = Debug|Any CPU
		{7154E2AF-3205-4F44-B27D-28682E6E2188}.Release|Any CPU.ActiveCfg = Release|Any CPU
		{7154E2AF-3205-4F44-B27D-28682E6E2188}.Release|Any CPU.Build.0 = Release|Any CPU
		{24066B57-A8C8-4BD7-A6FC-2788F0135496}.Debug|Any CPU.ActiveCfg = Debug|Any CPU
		{24066B57-A8C8-4BD7-A6FC-2788F0135496}.Debug|Any CPU.Build.0 = Debug|Any CPU
		{24066B57-A8C8-4BD7-A6FC-2788F0135496}.Release|Any CPU.ActiveCfg = Release|Any CPU
		{24066B57-A8C8-4BD7-A6FC-2788F0135496}.Release|Any CPU.Build.0 = Release|Any CPU
		{3A49BD77-56F7-4E76-8477-9CF0E889F7DC}.Debug|Any CPU.ActiveCfg = Debug|Any CPU
		{3A49BD77-56F7-4E76-8477-9CF0E889F7DC}.Debug|Any CPU.Build.0 = Debug|Any CPU
		{3A49BD77-56F7-4E76-8477-9CF0E889F7DC}.Release|Any CPU.ActiveCfg = Release|Any CPU
		{3A49BD77-56F7-4E76-8477-9CF0E889F7DC}.Release|Any CPU.Build.0 = Release|Any CPU
	EndGlobalSection
	GlobalSection(SolutionProperties) = preSolution
		HideSolutionNode = FALSE
	EndGlobalSection
EndGlobal
